{
  "name": "leafletjs-geoserver",
  "lockfileVersion": 2,
  "requires": true,
  "packages": {
    "": {
      "dependencies": {
        "bootstrap": "^5.2.3",
        "leaflet": "^1.9.3",
        "leaflet-draw": "^1.0.4",
        "leaflet-providers": "^1.13.0",
        "leaflet-responsive-popup": "^1.0.0",
        "leaflet-routing-machine": "^3.2.12",
        "leaflet-search": "^3.0.5",
        "leaflet-tilelayer-mbtiles-ts": "^1.5.8",
        "leaflet.markercluster": "^1.5.3",
        "Leaflet.TileLayer.MBTiles": "^1.0.0",
        "leaflet.vectorgrid": "^1.3.0"
      }
    },
    "node_modules/@mapbox/corslite": {
      "version": "0.0.7",
      "resolved": "https://registry.npmjs.org/@mapbox/corslite/-/corslite-0.0.7.tgz",
      "integrity": "sha512-w/uS474VFjmqQ7fFWIMZINQM1BAQxDLuoJaZZIPES1BmeYpCtlh9MtbFxKGGDAsfvut8/HircIsVvEYRjQ+iMg=="
    },
    "node_modules/@mapbox/polyline": {
      "version": "0.2.0",
      "resolved": "https://registry.npmjs.org/@mapbox/polyline/-/polyline-0.2.0.tgz",
      "integrity": "sha512-GCddO0iw6AzOQqZgBmjEQI9Pgo40/yRgkTkikGctE01kNBN0ThWYuAnTD+hRWrAWMV6QJ0rNm4m8DAsaAXE7Pg==",
      "bin": {
        "polyline": "bin/polyline.bin.js"
      },
      "engines": {
        "node": "*"
      }
    },
    "node_modules/@popperjs/core": {
      "version": "2.11.6",
      "resolved": "https://registry.npmjs.org/@popperjs/core/-/core-2.11.6.tgz",
      "integrity": "sha512-50/17A98tWUfQ176raKiOGXuYpLyyVMkxxG6oylzL3BPOlA6ADGdK7EYunSa4I064xerltq9TGXs8HmOk5E+vw==",
      "peer": true,
      "funding": {
        "type": "opencollective",
        "url": "https://opencollective.com/popperjs"
      }
    },
    "node_modules/bootstrap": {
      "version": "5.2.3",
      "resolved": "https://registry.npmjs.org/bootstrap/-/bootstrap-5.2.3.tgz",
      "integrity": "sha512-cEKPM+fwb3cT8NzQZYEu4HilJ3anCrWqh3CHAok1p9jXqMPsPTBhU25fBckEJHJ/p+tTxTFTsFQGM+gaHpi3QQ==",
      "funding": [
        {
          "type": "github",
          "url": "https://github.com/sponsors/twbs"
        },
        {
          "type": "opencollective",
          "url": "https://opencollective.com/bootstrap"
        }
      ],
      "peerDependencies": {
        "@popperjs/core": "^2.11.6"
      }
    },
    "node_modules/commander": {
      "version": "2.20.3",
      "resolved": "https://registry.npmjs.org/commander/-/commander-2.20.3.tgz",
      "integrity": "sha512-GpVkmM8vF2vQUkj2LvZmD35JxeJOLCwJ9cUkugyk2nuhbv3+mJvpLYYt+0+USMxE+oj+ey/lJEnhZw75x/OMcQ=="
    },
    "node_modules/ieee754": {
      "version": "1.2.1",
      "resolved": "https://registry.npmjs.org/ieee754/-/ieee754-1.2.1.tgz",
      "integrity": "sha512-dcyqhDvX1C46lXZcVqCpK+FtMRQVdIMN6/Df5js2zouUsqG7I6sFxitIC+7KYK29KdXOLHdu9zL4sFnoVQnqaA==",
      "funding": [
        {
          "type": "github",
          "url": "https://github.com/sponsors/feross"
        },
        {
          "type": "patreon",
          "url": "https://www.patreon.com/feross"
        },
        {
          "type": "consulting",
          "url": "https://feross.org/support"
        }
      ]
    },
    "node_modules/leaflet": {
      "version": "1.9.3",
      "resolved": "https://registry.npmjs.org/leaflet/-/leaflet-1.9.3.tgz",
      "integrity": "sha512-iB2cR9vAkDOu5l3HAay2obcUHZ7xwUBBjph8+PGtmW/2lYhbLizWtG7nTeYht36WfOslixQF9D/uSIzhZgGMfQ=="
    },
    "node_modules/leaflet-draw": {
      "version": "1.0.4",
      "resolved": "https://registry.npmjs.org/leaflet-draw/-/leaflet-draw-1.0.4.tgz",
      "integrity": "sha512-rsQ6saQO5ST5Aj6XRFylr5zvarWgzWnrg46zQ1MEOEIHsppdC/8hnN8qMoFvACsPvTioAuysya/TVtog15tyAQ=="
    },
    "node_modules/leaflet-providers": {
      "version": "1.13.0",
      "resolved": "https://registry.npmjs.org/leaflet-providers/-/leaflet-providers-1.13.0.tgz",
      "integrity": "sha512-f/sN5wdgBbVA2jcCYzScIfYNxKdn2wBJP9bu+5cRX9Xj6g8Bt1G9Sr8WgJAt/ckIFIc3LVVxCBNFpSCfTuUElg=="
    },
    "node_modules/leaflet-responsive-popup": {
      "version": "1.0.0",
      "resolved": "https://registry.npmjs.org/leaflet-responsive-popup/-/leaflet-responsive-popup-1.0.0.tgz",
      "integrity": "sha512-BEPnq057TyTtBH5I98SMWqH4p/Usi6yirWPUSIYI2EGjXN3/HbyTPjTmEe6Z2RXBTBzEN3nMC8ZkaRWQ0pWfeQ=="
    },
    "node_modules/leaflet-routing-machine": {
      "version": "3.2.12",
      "resolved": "https://registry.npmjs.org/leaflet-routing-machine/-/leaflet-routing-machine-3.2.12.tgz",
      "integrity": "sha512-HLde58G1YtD9xSIzZavJ6BPABZaV1hHeGst8ouhzuxmSC3s32NVtADT+njbIUMW1maHRCrsgTk/E4hz5QH7FrA==",
      "dependencies": {
        "@mapbox/corslite": "0.0.7",
        "@mapbox/polyline": "^0.2.0",
        "osrm-text-instructions": "^0.13.2"
      }
    },
    "node_modules/leaflet-search": {
      "version": "3.0.5",
      "resolved": "https://registry.npmjs.org/leaflet-search/-/leaflet-search-3.0.5.tgz",
      "integrity": "sha512-h31vNAm8+1H01o8DoEf5R2CbELaQJEv7KIyoWRr3IjSLHzhwra08WkiRSffJi5XYg1THd62csQ3jJ023lhhxGQ==",
      "dependencies": {
        "leaflet": "*"
      }
    },
    "node_modules/leaflet-tilelayer-mbtiles-ts": {
      "version": "1.5.8",
      "resolved": "https://registry.npmjs.org/leaflet-tilelayer-mbtiles-ts/-/leaflet-tilelayer-mbtiles-ts-1.5.8.tgz",
      "integrity": "sha512-qnRgxlanCHRook3Qyieulo4RgKeK4upTUUX989r8kDeonCmEpLN8Wk2V2U+TUYeDbY2Fouu/0yNcqmfgzbTQgA==",
      "dependencies": {
        "sql.js": "0.5.0"
      }
    },
    "node_modules/leaflet.markercluster": {
      "version": "1.5.3",
      "resolved": "https://registry.npmjs.org/leaflet.markercluster/-/leaflet.markercluster-1.5.3.tgz",
      "integrity": "sha512-vPTw/Bndq7eQHjLBVlWpnGeLa3t+3zGiuM7fJwCkiMFq+nmRuG3RI3f7f4N4TDX7T4NpbAXpR2+NTRSEGfCSeA==",
      "peerDependencies": {
        "leaflet": "^1.3.1"
      }
    },
    "node_modules/Leaflet.TileLayer.MBTiles": {
      "version": "1.0.0",
      "resolved": "https://registry.npmjs.org/Leaflet.TileLayer.MBTiles/-/Leaflet.TileLayer.MBTiles-1.0.0.tgz",
      "integrity": "sha512-iDrbdO/lub7dy0q25mrBhS/aa5n/tziYiiKf7EaRFhByeoYm951tGlwzUyVjv+j48jiVAnYkdblg2oeuR8k7oA=="
    },
    "node_modules/leaflet.vectorgrid": {
      "version": "1.3.0",
      "resolved": "https://registry.npmjs.org/leaflet.vectorgrid/-/leaflet.vectorgrid-1.3.0.tgz",
      "integrity": "sha512-kWmj1pKM+MVdo/7Mg5zsB3YrGZvo/uIuiANV9MvWUFOG+Y2xAJzrteDhoIcCgTjHSSRJ36xdeGdIQVhuWjnCZw==",
      "dependencies": {
        "pbf": "^3.0.2",
        "topojson-client": "^2.1.0",
        "vector-tile": "^1.3.0",
        "whatwg-fetch": "^2.0.3"
      },
      "peerDependencies": {
        "leaflet": "^1.0.2"
      }
    },
    "node_modules/osrm-text-instructions": {
      "version": "0.13.4",
      "resolved": "https://registry.npmjs.org/osrm-text-instructions/-/osrm-text-instructions-0.13.4.tgz",
      "integrity": "sha512-ge4ZTIetMQKAHKq2MwWf83ntzdJN20ndRKRaVNoZ3SkDkBNO99Qddz7r6+hrVx38I+ih6Rk5T1yslczAB6Q9Pg=="
    },
    "node_modules/pbf": {
      "version": "3.2.1",
      "resolved": "https://registry.npmjs.org/pbf/-/pbf-3.2.1.tgz",
      "integrity": "sha512-ClrV7pNOn7rtmoQVF4TS1vyU0WhYRnP92fzbfF75jAIwpnzdJXf8iTd4CMEqO4yUenH6NDqLiwjqlh6QgZzgLQ==",
      "dependencies": {
        "ieee754": "^1.1.12",
        "resolve-protobuf-schema": "^2.1.0"
      },
      "bin": {
        "pbf": "bin/pbf"
      }
    },
    "node_modules/point-geometry": {
      "version": "0.0.0",
      "resolved": "https://registry.npmjs.org/point-geometry/-/point-geometry-0.0.0.tgz",
      "integrity": "sha512-tXK8bY2l3/CPkyO7+UbOWbVjCpKoYY4t6uY3AYYy4Bagd4Z942gLeQOgtHICwBwgPf8dI6fw4VqKwzSNgvlw4A==",
      "deprecated": "This module has moved: please install @mapbox/point-geometry instead"
    },
    "node_modules/protocol-buffers-schema": {
      "version": "3.6.0",
      "resolved": "https://registry.npmjs.org/protocol-buffers-schema/-/protocol-buffers-schema-3.6.0.tgz",
      "integrity": "sha512-TdDRD+/QNdrCGCE7v8340QyuXd4kIWIgapsE2+n/SaGiSSbomYl4TjHlvIoCWRpE7wFt02EpB35VVA2ImcBVqw=="
    },
    "node_modules/resolve-protobuf-schema": {
      "version": "2.1.0",
      "resolved": "https://registry.npmjs.org/resolve-protobuf-schema/-/resolve-protobuf-schema-2.1.0.tgz",
      "integrity": "sha512-kI5ffTiZWmJaS/huM8wZfEMer1eRd7oJQhDuxeCLe3t7N7mX3z94CN0xPxBQxFYQTSNz9T0i+v6inKqSdK8xrQ==",
      "dependencies": {
        "protocol-buffers-schema": "^3.3.1"
      }
    },
    "node_modules/sql.js": {
      "version": "0.5.0",
      "resolved": "https://registry.npmjs.org/sql.js/-/sql.js-0.5.0.tgz",
      "integrity": "sha512-E80yfgPSOvkbEweROP8kUg+8YfvuWht2RYhPMngkJuKD7IgFVWPP/pAhSAUVZMY9UPf5m10Pi0yW9e4CRnmYGg=="
    },
    "node_modules/topojson-client": {
      "version": "2.1.0",
      "resolved": "https://registry.npmjs.org/topojson-client/-/topojson-client-2.1.0.tgz",
      "integrity": "sha512-mxXNa6imbsrWXqUKF7iwGl2TkrshZ7dwQF+KuAB4hX9wTmfecNzqSjMmQZNhP2Ztvfwx8rKt0BfQfHF+ki6hQw==",
      "dependencies": {
        "commander": "2"
      },
      "bin": {
        "topo2geo": "bin/topo2geo",
        "topomerge": "bin/topomerge",
        "topoquantize": "bin/topoquantize"
      }
    },
    "node_modules/vector-tile": {
      "version": "1.3.0",
      "resolved": "https://registry.npmjs.org/vector-tile/-/vector-tile-1.3.0.tgz",
      "integrity": "sha512-ECpYpDhbgTSGIRwaf4bLbiDHcUHDM+LGrBOmV1tdG+Lde8vajJtywP5vGFmMj0Z3cApTV0+9sLWgBCVsRuoAKQ==",
      "deprecated": "This module has moved: please install @mapbox/vector-tile instead",
      "dependencies": {
        "point-geometry": "0.0.0"
      }
    },
    "node_modules/whatwg-fetch": {
      "version": "2.0.4",
      "resolved": "https://registry.npmjs.org/whatwg-fetch/-/whatwg-fetch-2.0.4.tgz",
      "integrity": "sha512-dcQ1GWpOD/eEQ97k66aiEVpNnapVj90/+R+SXTPYGHpYBBypfKJEQjLrvMZ7YXbKm21gXd4NcuxUTjiv1YtLng=="
    }
  },
  "dependencies": {
    "@mapbox/corslite": {
      "version": "0.0.7",
      "resolved": "https://registry.npmjs.org/@mapbox/corslite/-/corslite-0.0.7.tgz",
      "integrity": "sha512-w/uS474VFjmqQ7fFWIMZINQM1BAQxDLuoJaZZIPES1BmeYpCtlh9MtbFxKGGDAsfvut8/HircIsVvEYRjQ+iMg=="
    },
    "@mapbox/polyline": {
      "version": "0.2.0",
      "resolved": "https://registry.npmjs.org/@mapbox/polyline/-/polyline-0.2.0.tgz",
      "integrity": "sha512-GCddO0iw6AzOQqZgBmjEQI9Pgo40/yRgkTkikGctE01kNBN0ThWYuAnTD+hRWrAWMV6QJ0rNm4m8DAsaAXE7Pg=="
    },
    "@popperjs/core": {
      "version": "2.11.6",
      "resolved": "https://registry.npmjs.org/@popperjs/core/-/core-2.11.6.tgz",
      "integrity": "sha512-50/17A98tWUfQ176raKiOGXuYpLyyVMkxxG6oylzL3BPOlA6ADGdK7EYunSa4I064xerltq9TGXs8HmOk5E+vw==",
      "peer": true
    },
    "bootstrap": {
      "version": "5.2.3",
      "resolved": "https://registry.npmjs.org/bootstrap/-/bootstrap-5.2.3.tgz",
      "integrity": "sha512-cEKPM+fwb3cT8NzQZYEu4HilJ3anCrWqh3CHAok1p9jXqMPsPTBhU25fBckEJHJ/p+tTxTFTsFQGM+gaHpi3QQ==",
      "requires": {}
    },
    "commander": {
      "version": "2.20.3",
      "resolved": "https://registry.npmjs.org/commander/-/commander-2.20.3.tgz",
      "integrity": "sha512-GpVkmM8vF2vQUkj2LvZmD35JxeJOLCwJ9cUkugyk2nuhbv3+mJvpLYYt+0+USMxE+oj+ey/lJEnhZw75x/OMcQ=="
    },
    "ieee754": {
      "version": "1.2.1",
      "resolved": "https://registry.npmjs.org/ieee754/-/ieee754-1.2.1.tgz",
      "integrity": "sha512-dcyqhDvX1C46lXZcVqCpK+FtMRQVdIMN6/Df5js2zouUsqG7I6sFxitIC+7KYK29KdXOLHdu9zL4sFnoVQnqaA=="
    },
    "leaflet": {
      "version": "1.9.3",
      "resolved": "https://registry.npmjs.org/leaflet/-/leaflet-1.9.3.tgz",
      "integrity": "sha512-iB2cR9vAkDOu5l3HAay2obcUHZ7xwUBBjph8+PGtmW/2lYhbLizWtG7nTeYht36WfOslixQF9D/uSIzhZgGMfQ=="
    },
    "leaflet-draw": {
      "version": "1.0.4",
      "resolved": "https://registry.npmjs.org/leaflet-draw/-/leaflet-draw-1.0.4.tgz",
      "integrity": "sha512-rsQ6saQO5ST5Aj6XRFylr5zvarWgzWnrg46zQ1MEOEIHsppdC/8hnN8qMoFvACsPvTioAuysya/TVtog15tyAQ=="
    },
    "leaflet-providers": {
      "version": "1.13.0",
      "resolved": "https://registry.npmjs.org/leaflet-providers/-/leaflet-providers-1.13.0.tgz",
      "integrity": "sha512-f/sN5wdgBbVA2jcCYzScIfYNxKdn2wBJP9bu+5cRX9Xj6g8Bt1G9Sr8WgJAt/ckIFIc3LVVxCBNFpSCfTuUElg=="
    },
    "leaflet-responsive-popup": {
      "version": "1.0.0",
      "resolved": "https://registry.npmjs.org/leaflet-responsive-popup/-/leaflet-responsive-popup-1.0.0.tgz",
      "integrity": "sha512-BEPnq057TyTtBH5I98SMWqH4p/Usi6yirWPUSIYI2EGjXN3/HbyTPjTmEe6Z2RXBTBzEN3nMC8ZkaRWQ0pWfeQ=="
    },
    "leaflet-routing-machine": {
      "version": "3.2.12",
      "resolved": "https://registry.npmjs.org/leaflet-routing-machine/-/leaflet-routing-machine-3.2.12.tgz",
      "integrity": "sha512-HLde58G1YtD9xSIzZavJ6BPABZaV1hHeGst8ouhzuxmSC3s32NVtADT+njbIUMW1maHRCrsgTk/E4hz5QH7FrA==",
      "requires": {
        "@mapbox/corslite": "0.0.7",
        "@mapbox/polyline": "^0.2.0",
        "osrm-text-instructions": "^0.13.2"
      }
    },
    "leaflet-search": {
      "version": "3.0.5",
      "resolved": "https://registry.npmjs.org/leaflet-search/-/leaflet-search-3.0.5.tgz",
      "integrity": "sha512-h31vNAm8+1H01o8DoEf5R2CbELaQJEv7KIyoWRr3IjSLHzhwra08WkiRSffJi5XYg1THd62csQ3jJ023lhhxGQ==",
      "requires": {
        "leaflet": "*"
      }
    },
    "leaflet-tilelayer-mbtiles-ts": {
      "version": "1.5.8",
      "resolved": "https://registry.npmjs.org/leaflet-tilelayer-mbtiles-ts/-/leaflet-tilelayer-mbtiles-ts-1.5.8.tgz",
      "integrity": "sha512-qnRgxlanCHRook3Qyieulo4RgKeK4upTUUX989r8kDeonCmEpLN8Wk2V2U+TUYeDbY2Fouu/0yNcqmfgzbTQgA==",
      "requires": {
        "sql.js": "0.5.0"
      }
    },
    "leaflet.markercluster": {
      "version": "1.5.3",
      "resolved": "https://registry.npmjs.org/leaflet.markercluster/-/leaflet.markercluster-1.5.3.tgz",
      "integrity": "sha512-vPTw/Bndq7eQHjLBVlWpnGeLa3t+3zGiuM7fJwCkiMFq+nmRuG3RI3f7f4N4TDX7T4NpbAXpR2+NTRSEGfCSeA==",
      "requires": {}
    },
    "Leaflet.TileLayer.MBTiles": {
      "version": "1.0.0",
      "resolved": "https://registry.npmjs.org/Leaflet.TileLayer.MBTiles/-/Leaflet.TileLayer.MBTiles-1.0.0.tgz",
      "integrity": "sha512-iDrbdO/lub7dy0q25mrBhS/aa5n/tziYiiKf7EaRFhByeoYm951tGlwzUyVjv+j48jiVAnYkdblg2oeuR8k7oA=="
    },
    "leaflet.vectorgrid": {
      "version": "1.3.0",
      "resolved": "https://registry.npmjs.org/leaflet.vectorgrid/-/leaflet.vectorgrid-1.3.0.tgz",
      "integrity": "sha512-kWmj1pKM+MVdo/7Mg5zsB3YrGZvo/uIuiANV9MvWUFOG+Y2xAJzrteDhoIcCgTjHSSRJ36xdeGdIQVhuWjnCZw==",
      "requires": {
        "pbf": "^3.0.2",
        "topojson-client": "^2.1.0",
        "vector-tile": "^1.3.0",
        "whatwg-fetch": "^2.0.3"
      }
    },
    "osrm-text-instructions": {
      "version": "0.13.4",
      "resolved": "https://registry.npmjs.org/osrm-text-instructions/-/osrm-text-instructions-0.13.4.tgz",
      "integrity": "sha512-ge4ZTIetMQKAHKq2MwWf83ntzdJN20ndRKRaVNoZ3SkDkBNO99Qddz7r6+hrVx38I+ih6Rk5T1yslczAB6Q9Pg=="
    },
    "pbf": {
      "version": "3.2.1",
      "resolved": "https://registry.npmjs.org/pbf/-/pbf-3.2.1.tgz",
      "integrity": "sha512-ClrV7pNOn7rtmoQVF4TS1vyU0WhYRnP92fzbfF75jAIwpnzdJXf8iTd4CMEqO4yUenH6NDqLiwjqlh6QgZzgLQ==",
      "requires": {
        "ieee754": "^1.1.12",
        "resolve-protobuf-schema": "^2.1.0"
      }
    },
    "point-geometry": {
      "version": "0.0.0",
      "resolved": "https://registry.npmjs.org/point-geometry/-/point-geometry-0.0.0.tgz",
      "integrity": "sha512-tXK8bY2l3/CPkyO7+UbOWbVjCpKoYY4t6uY3AYYy4Bagd4Z942gLeQOgtHICwBwgPf8dI6fw4VqKwzSNgvlw4A=="
    },
    "protocol-buffers-schema": {
      "version": "3.6.0",
      "resolved": "https://registry.npmjs.org/protocol-buffers-schema/-/protocol-buffers-schema-3.6.0.tgz",
      "integrity": "sha512-TdDRD+/QNdrCGCE7v8340QyuXd4kIWIgapsE2+n/SaGiSSbomYl4TjHlvIoCWRpE7wFt02EpB35VVA2ImcBVqw=="
    },
    "resolve-protobuf-schema": {
      "version": "2.1.0",
      "resolved": "https://registry.npmjs.org/resolve-protobuf-schema/-/resolve-protobuf-schema-2.1.0.tgz",
      "integrity": "sha512-kI5ffTiZWmJaS/huM8wZfEMer1eRd7oJQhDuxeCLe3t7N7mX3z94CN0xPxBQxFYQTSNz9T0i+v6inKqSdK8xrQ==",
      "requires": {
        "protocol-buffers-schema": "^3.3.1"
      }
    },
    "sql.js": {
      "version": "0.5.0",
      "resolved": "https://registry.npmjs.org/sql.js/-/sql.js-0.5.0.tgz",
      "integrity": "sha512-E80yfgPSOvkbEweROP8kUg+8YfvuWht2RYhPMngkJuKD7IgFVWPP/pAhSAUVZMY9UPf5m10Pi0yW9e4CRnmYGg=="
    },
    "topojson-client": {
      "version": "2.1.0",
      "resolved": "https://registry.npmjs.org/topojson-client/-/topojson-client-2.1.0.tgz",
      "integrity": "sha512-mxXNa6imbsrWXqUKF7iwGl2TkrshZ7dwQF+KuAB4hX9wTmfecNzqSjMmQZNhP2Ztvfwx8rKt0BfQfHF+ki6hQw==",
      "requires": {
        "commander": "2"
      }
    },
    "vector-tile": {
      "version": "1.3.0",
      "resolved": "https://registry.npmjs.org/vector-tile/-/vector-tile-1.3.0.tgz",
      "integrity": "sha512-ECpYpDhbgTSGIRwaf4bLbiDHcUHDM+LGrBOmV1tdG+Lde8vajJtywP5vGFmMj0Z3cApTV0+9sLWgBCVsRuoAKQ==",
      "requires": {
        "point-geometry": "0.0.0"
      }
    },
    "whatwg-fetch": {
      "version": "2.0.4",
      "resolved": "https://registry.npmjs.org/whatwg-fetch/-/whatwg-fetch-2.0.4.tgz",
      "integrity": "sha512-dcQ1GWpOD/eEQ97k66aiEVpNnapVj90/+R+SXTPYGHpYBBypfKJEQjLrvMZ7YXbKm21gXd4NcuxUTjiv1YtLng=="
    }
  }
}
